
Microsoft Visual Studio Solution File, Format Version 12.00
# Visual Studio 15
VisualStudioVersion = 15.0.28010.2016
MinimumVisualStudioVersion = 10.0.40219.1
Project("{8BC9CEB8-8B4A-11D0-8D11-00A0C91BC942}") = "Длинная арифметика", "Длинная арифметика\Длинная арифметика.vcxproj", "{BF29ECF3-CCBE-444F-9887-C63D04F5E0E2}"
EndProject
Global
	GlobalSection(SolutionConfigurationPlatforms) = preSolution
		Debug|x64 = Debug|x64
		Debug|x86 = Debug|x86
		Release|x64 = Release|x64
		Release|x86 = Release|x86
	EndGlobalSection
	GlobalSection(ProjectConfigurationPlatforms) = postSolution
		{BF29ECF3-CCBE-444F-9887-C63D04F5E0E2}.Debug|x64.ActiveCfg = Debug|x64
		{BF29ECF3-CCBE-444F-9887-C63D04F5E0E2}.Debug|x64.Build.0 = Debug|x64
		{BF29ECF3-CCBE-444F-9887-C63D04F5E0E2}.Debug|x86.ActiveCfg = Debug|Win32
		{BF29ECF3-CCBE-444F-9887-C63D04F5E0E2}.Debug|x86.Build.0 = Debug|Win32
		{BF29ECF3-CCBE-444F-9887-C63D04F5E0E2}.Release|x64.ActiveCfg = Release|x64
		{BF29ECF3-CCBE-444F-9887-C63D04F5E0E2}.Release|x64.Build.0 = Release|x64
		{BF29ECF3-CCBE-444F-9887-C63D04F5E0E2}.Release|x86.ActiveCfg = Release|Win32
		{BF29ECF3-CCBE-444F-9887-C63D04F5E0E2}.Release|x86.Build.0 = Release|Win32
	EndGlobalSection
	GlobalSection(SolutionProperties) = preSolution
		HideSolutionNode = FALSE
	EndGlobalSection
	GlobalSection(ExtensibilityGlobals) = postSolution
		SolutionGuid = {940DA146-3EBA-40FC-A4A7-361A14BFA79E}
	EndGlobalSection
EndGlobal
